PODS:
  - AFNetworking (1.2.0)
  - Funcussion (0.1.1)
  - TwUI (0.5.2):
    - TwUI/Support
    - TwUI/UIKit
  - TwUI/Support (0.5.2)
  - TwUI/UIKit (0.5.2):
    - TwUI/Support
    - TwUI/UIKit/NSColorExtensions
  - TwUI/UIKit/NSColorExtensions (0.5.2):
    - TwUI/Support

DEPENDENCIES:
  - AFNetworking
  - Funcussion
  - TwUI

SPEC CHECKSUMS:
  AFNetworking: 3cbae45f61a9f995cdbd56bd571223910d7f4e44
  Funcussion: f8383c7db59d37a4f6c75e787e6e41e1b0d2a792
  TwUI: 78358a0d90243981261370584a6225fa5c848dbe

COCOAPODS: 0.19.1
